
Microsoft Visual Studio Solution File, Format Version 12.00
# Visual Studio Version 16
VisualStudioVersion = 16.0.29613.14
MinimumVisualStudioVersion = 10.0.40219.1
Project("{9A19103F-16F7-4668-BE54-9A1E7A4F7556}") = "Client", "Client\Client.csproj", "{3DE7334F-3B2C-4BA9-A16F-2717B2CE44D1}"
EndProject
Project("{9A19103F-16F7-4668-BE54-9A1E7A4F7556}") = "Domain", "Domain\Domain.csproj", "{00057843-C6BF-4144-967B-91F0C60C6F20}"
EndProject
Project("{9A19103F-16F7-4668-BE54-9A1E7A4F7556}") = "Storing", "Storing\Storing.csproj", "{C00E75CA-C6D5-484F-BC74-C7821B5A8C7E}"
EndProject
Project("{9A19103F-16F7-4668-BE54-9A1E7A4F7556}") = "Testing", "Testing\Testing.csproj", "{832E4A8A-A263-4C8C-8472-38AC46E729D0}"
EndProject
Project("{2150E333-8FDC-42A3-9474-1A3956D46DE8}") = "Solution Items", "Solution Items", "{5246B051-21EA-41DD-96AA-9471EE994401}"
	ProjectSection(SolutionItems) = preProject
		Requirements.md = Requirements.md
	EndProjectSection
EndProject
Global
	GlobalSection(SolutionConfigurationPlatforms) = preSolution
		Debug|Any CPU = Debug|Any CPU
		Release|Any CPU = Release|Any CPU
	EndGlobalSection
	GlobalSection(ProjectConfigurationPlatforms) = postSolution
		{3DE7334F-3B2C-4BA9-A16F-2717B2CE44D1}.Debug|Any CPU.ActiveCfg = Debug|Any CPU
		{3DE7334F-3B2C-4BA9-A16F-2717B2CE44D1}.Debug|Any CPU.Build.0 = Debug|Any CPU
		{3DE7334F-3B2C-4BA9-A16F-2717B2CE44D1}.Release|Any CPU.ActiveCfg = Release|Any CPU
		{3DE7334F-3B2C-4BA9-A16F-2717B2CE44D1}.Release|Any CPU.Build.0 = Release|Any CPU
		{00057843-C6BF-4144-967B-91F0C60C6F20}.Debug|Any CPU.ActiveCfg = Debug|Any CPU
		{00057843-C6BF-4144-967B-91F0C60C6F20}.Debug|Any CPU.Build.0 = Debug|Any CPU
		{00057843-C6BF-4144-967B-91F0C60C6F20}.Release|Any CPU.ActiveCfg = Release|Any CPU
		{00057843-C6BF-4144-967B-91F0C60C6F20}.Release|Any CPU.Build.0 = Release|Any CPU
		{C00E75CA-C6D5-484F-BC74-C7821B5A8C7E}.Debug|Any CPU.ActiveCfg = Debug|Any CPU
		{C00E75CA-C6D5-484F-BC74-C7821B5A8C7E}.Debug|Any CPU.Build.0 = Debug|Any CPU
		{C00E75CA-C6D5-484F-BC74-C7821B5A8C7E}.Release|Any CPU.ActiveCfg = Release|Any CPU
		{C00E75CA-C6D5-484F-BC74-C7821B5A8C7E}.Release|Any CPU.Build.0 = Release|Any CPU
		{832E4A8A-A263-4C8C-8472-38AC46E729D0}.Debug|Any CPU.ActiveCfg = Debug|Any CPU
		{832E4A8A-A263-4C8C-8472-38AC46E729D0}.Debug|Any CPU.Build.0 = Debug|Any CPU
		{832E4A8A-A263-4C8C-8472-38AC46E729D0}.Release|Any CPU.ActiveCfg = Release|Any CPU
		{832E4A8A-A263-4C8C-8472-38AC46E729D0}.Release|Any CPU.Build.0 = Release|Any CPU
	EndGlobalSection
	GlobalSection(SolutionProperties) = preSolution
		HideSolutionNode = FALSE
	EndGlobalSection
	GlobalSection(ExtensibilityGlobals) = postSolution
		SolutionGuid = {4D5BF40D-B059-4F85-A1DC-42BAB31206B9}
	EndGlobalSection
EndGlobal
